// !$*UTF8*$!
{
	archiveVersion = 1;
	classes = {
	};
	objectVersion = 77;
	objects = {

/* Begin PBXBuildFile section */
		1100C5152D1EC8B900EE373E /* HomeCollectionLayout.swift in Sources */ = {isa = PBXBuildFile; fileRef = 1100C5142D1EC8B900EE373E /* HomeCollectionLayout.swift */; };
		1100C5172D1ECCA600EE373E /* ListSectionHeader.swift in Sources */ = {isa = PBXBuildFile; fileRef = 1100C5162D1ECCA600EE373E /* ListSectionHeader.swift */; };
		1100C5192D1ED2DD00EE373E /* TitlesSwitchSegmentCell.swift in Sources */ = {isa = PBXBuildFile; fileRef = 1100C5182D1ED2DD00EE373E /* TitlesSwitchSegmentCell.swift */; };
		1100C57C2D1F000800EE373E /* SDWebImage in Frameworks */ = {isa = PBXBuildFile; productRef = 1100C57B2D1F000800EE373E /* SDWebImage */; };
		1100C57E2D1F45F500EE373E /* TrendingTitleCell.swift in Sources */ = {isa = PBXBuildFile; fileRef = 1100C57D2D1F45F500EE373E /* TrendingTitleCell.swift */; };
		111D3A7B2D2AEDCB00590CD7 /* DemoMovieTitleImageCell.swift in Sources */ = {isa = PBXBuildFile; fileRef = 111D3A7A2D2AEDCB00590CD7 /* DemoMovieTitleImageCell.swift */; };
		113DDE252D18262800AB95E1 /* HomeNavigation.swift in Sources */ = {isa = PBXBuildFile; fileRef = 113DDE242D18262800AB95E1 /* HomeNavigation.swift */; };
		113DDE292D18269300AB95E1 /* MovieDetailViewController.swift in Sources */ = {isa = PBXBuildFile; fileRef = 113DDE262D18269300AB95E1 /* MovieDetailViewController.swift */; };
		113DDE2A2D18269300AB95E1 /* MovieDetailViewModel.swift in Sources */ = {isa = PBXBuildFile; fileRef = 113DDE272D18269300AB95E1 /* MovieDetailViewModel.swift */; };
		113DDE482D18279700AB95E1 /* SeeAllItemsViewModel.swift in Sources */ = {isa = PBXBuildFile; fileRef = 113DDE3C2D18279700AB95E1 /* SeeAllItemsViewModel.swift */; };
		113DDE4B2D18279700AB95E1 /* SeeAllItemsController.swift in Sources */ = {isa = PBXBuildFile; fileRef = 113DDE3B2D18279700AB95E1 /* SeeAllItemsController.swift */; };
		113DDE512D184B9B00AB95E1 /* ImageCollectionViewCell.swift in Sources */ = {isa = PBXBuildFile; fileRef = 113DDE4F2D184B9B00AB95E1 /* ImageCollectionViewCell.swift */; };
		113DDE532D184E9200AB95E1 /* MovieResultDTO.swift in Sources */ = {isa = PBXBuildFile; fileRef = 113DDE522D184E9200AB95E1 /* MovieResultDTO.swift */; };
		114D705F2D1AEA24006C167B /* MovieDetailDTO.swift in Sources */ = {isa = PBXBuildFile; fileRef = 114D705E2D1AEA24006C167B /* MovieDetailDTO.swift */; };
		114D70612D1AEF15006C167B /* MovieDetailCollectionViewCell.swift in Sources */ = {isa = PBXBuildFile; fileRef = 114D70602D1AEF15006C167B /* MovieDetailCollectionViewCell.swift */; };
		114D70662D1AEFDE006C167B /* MovieDetailHelper.swift in Sources */ = {isa = PBXBuildFile; fileRef = 114D70632D1AEFDE006C167B /* MovieDetailHelper.swift */; };
		114D70672D1AEFDE006C167B /* MovieDetailUseCase.swift in Sources */ = {isa = PBXBuildFile; fileRef = 114D70642D1AEFDE006C167B /* MovieDetailUseCase.swift */; };
		114D70682D1AEFDE006C167B /* MovieDetailAPIService.swift in Sources */ = {isa = PBXBuildFile; fileRef = 114D70652D1AEFDE006C167B /* MovieDetailAPIService.swift */; };
		1156FD452D38031D00AC9A2F /* GuestSessionDTO.swift in Sources */ = {isa = PBXBuildFile; fileRef = 1156FD442D38031D00AC9A2F /* GuestSessionDTO.swift */; };
		1156FD4A2D38040900AC9A2F /* GuestSessionAPIService.swift in Sources */ = {isa = PBXBuildFile; fileRef = 1156FD492D38040900AC9A2F /* GuestSessionAPIService.swift */; };
		1156FD4B2D38040900AC9A2F /* GuestSessionUseCase.swift in Sources */ = {isa = PBXBuildFile; fileRef = 1156FD482D38040900AC9A2F /* GuestSessionUseCase.swift */; };
		1156FD4C2D38040900AC9A2F /* GuestSessionHelper.swift in Sources */ = {isa = PBXBuildFile; fileRef = 1156FD472D38040900AC9A2F /* GuestSessionHelper.swift */; };
		1156FD4E2D3806DE00AC9A2F /* GuestSessionProtocol.swift in Sources */ = {isa = PBXBuildFile; fileRef = 1156FD4D2D3806DE00AC9A2F /* GuestSessionProtocol.swift */; };
		1156FD502D3934EC00AC9A2F /* POSTSuccessDTO.swift in Sources */ = {isa = PBXBuildFile; fileRef = 1156FD4F2D3934EC00AC9A2F /* POSTSuccessDTO.swift */; };
		1156FD522D39351300AC9A2F /* POSTSuccessProtocol.swift in Sources */ = {isa = PBXBuildFile; fileRef = 1156FD512D39351300AC9A2F /* POSTSuccessProtocol.swift */; };
		11609A742D20341C00365915 /* TrendingSegmentHeader.swift in Sources */ = {isa = PBXBuildFile; fileRef = 11609A732D20341C00365915 /* TrendingSegmentHeader.swift */; };
		11609A762D20386900365915 /* TrendingMovieDTO.swift in Sources */ = {isa = PBXBuildFile; fileRef = 11609A752D20386900365915 /* TrendingMovieDTO.swift */; };
		11609A782D2084DD00365915 /* TrendingTvShowDTO.swift in Sources */ = {isa = PBXBuildFile; fileRef = 11609A772D2084DD00365915 /* TrendingTvShowDTO.swift */; };
		11609A7E2D21E28900365915 /* FirebaseCore in Frameworks */ = {isa = PBXBuildFile; productRef = 11609A7D2D21E28900365915 /* FirebaseCore */; };
		11609A802D21E41500365915 /* FirebaseFirestore in Frameworks */ = {isa = PBXBuildFile; productRef = 11609A7F2D21E41500365915 /* FirebaseFirestore */; };
		11609A822D21E42400365915 /* FirebaseAuth in Frameworks */ = {isa = PBXBuildFile; productRef = 11609A812D21E42400365915 /* FirebaseAuth */; };
		11609A882D22CF6F00365915 /* LoginViewController.swift in Sources */ = {isa = PBXBuildFile; fileRef = 11609A852D22CF6F00365915 /* LoginViewController.swift */; };
		11609A892D22CF6F00365915 /* AuthNavigation.swift in Sources */ = {isa = PBXBuildFile; fileRef = 11609A832D22CF6F00365915 /* AuthNavigation.swift */; };
		11609A8A2D22CF6F00365915 /* AuthCoordinator.swift in Sources */ = {isa = PBXBuildFile; fileRef = 11609A842D22CF6F00365915 /* AuthCoordinator.swift */; };
		11609A8B2D22CF6F00365915 /* LoginViewModel.swift in Sources */ = {isa = PBXBuildFile; fileRef = 11609A862D22CF6F00365915 /* LoginViewModel.swift */; };
		11609A922D22D58A00365915 /* LaunchViewController.swift in Sources */ = {isa = PBXBuildFile; fileRef = 11609A8F2D22D58A00365915 /* LaunchViewController.swift */; };
		11609A932D22D58A00365915 /* LaunchViewModel.swift in Sources */ = {isa = PBXBuildFile; fileRef = 11609A902D22D58A00365915 /* LaunchViewModel.swift */; };
		11609A972D23076E00365915 /* SignupViewController.swift in Sources */ = {isa = PBXBuildFile; fileRef = 11609A942D23076E00365915 /* SignupViewController.swift */; };
		11609A982D23076E00365915 /* SignupViewModel.swift in Sources */ = {isa = PBXBuildFile; fileRef = 11609A952D23076E00365915 /* SignupViewModel.swift */; };
		11609A9C2D23FDBD00365915 /* FirebaseHelper.swift in Sources */ = {isa = PBXBuildFile; fileRef = 11609A9B2D23FDBD00365915 /* FirebaseHelper.swift */; };
		118CE4362D2D704600EF70EC /* TvShowDetailDTO.swift in Sources */ = {isa = PBXBuildFile; fileRef = 118CE4352D2D704600EF70EC /* TvShowDetailDTO.swift */; };
		118CE43A2D2D975C00EF70EC /* TvShowDetailProtocol.swift in Sources */ = {isa = PBXBuildFile; fileRef = 118CE4392D2D975C00EF70EC /* TvShowDetailProtocol.swift */; };
		118CE43F2D2D9DEA00EF70EC /* TvShowDetailHelper.swift in Sources */ = {isa = PBXBuildFile; fileRef = 118CE43B2D2D9DEA00EF70EC /* TvShowDetailHelper.swift */; };
		118CE4402D2D9DEA00EF70EC /* TvShowDetailUseCase.swift in Sources */ = {isa = PBXBuildFile; fileRef = 118CE43C2D2D9DEA00EF70EC /* TvShowDetailUseCase.swift */; };
		118CE4412D2D9DEA00EF70EC /* TvShowDetailAPIService.swift in Sources */ = {isa = PBXBuildFile; fileRef = 118CE43D2D2D9DEA00EF70EC /* TvShowDetailAPIService.swift */; };
		119027312D17283F00B0B9DD /* SearchCoordinator.swift in Sources */ = {isa = PBXBuildFile; fileRef = 1190272D2D17283F00B0B9DD /* SearchCoordinator.swift */; };
		119027322D17283F00B0B9DD /* SearchViewModel.swift in Sources */ = {isa = PBXBuildFile; fileRef = 1190272E2D17283F00B0B9DD /* SearchViewModel.swift */; };
		119027332D17283F00B0B9DD /* SearchViewController.swift in Sources */ = {isa = PBXBuildFile; fileRef = 1190272F2D17283F00B0B9DD /* SearchViewController.swift */; };
		1190273C2D17295100B0B9DD /* ProfileCoordinator.swift in Sources */ = {isa = PBXBuildFile; fileRef = 119027362D17295100B0B9DD /* ProfileCoordinator.swift */; };
		1190273D2D17295100B0B9DD /* ProfileViewController.swift in Sources */ = {isa = PBXBuildFile; fileRef = 119027382D17295100B0B9DD /* ProfileViewController.swift */; };
		1190273E2D17295100B0B9DD /* ProfileViewModel.swift in Sources */ = {isa = PBXBuildFile; fileRef = 119027372D17295100B0B9DD /* ProfileViewModel.swift */; };
		11A9D4E12D143F1900F6284A /* AppDelegate.swift in Sources */ = {isa = PBXBuildFile; fileRef = 11A9D4DB2D143F1900F6284A /* AppDelegate.swift */; };
		11A9D4E22D143F1900F6284A /* HomeViewController.swift in Sources */ = {isa = PBXBuildFile; fileRef = 11A9D4DD2D143F1900F6284A /* HomeViewController.swift */; };
		11A9D4E32D143F1900F6284A /* SceneDelegate.swift in Sources */ = {isa = PBXBuildFile; fileRef = 11A9D4DF2D143F1900F6284A /* SceneDelegate.swift */; };
		11A9D4E42D143F1900F6284A /* Assets.xcassets in Resources */ = {isa = PBXBuildFile; fileRef = 11A9D4DC2D143F1900F6284A /* Assets.xcassets */; };
		11A9D4EF2D144A9300F6284A /* Extension.swift in Sources */ = {isa = PBXBuildFile; fileRef = 11A9D4ED2D144A9300F6284A /* Extension.swift */; };
		11A9D4F02D144A9300F6284A /* LayoutExtensions.swift in Sources */ = {isa = PBXBuildFile; fileRef = 11A9D4EE2D144A9300F6284A /* LayoutExtensions.swift */; };
		11A9D4F52D144AE900F6284A /* CoreAPIHelper.swift in Sources */ = {isa = PBXBuildFile; fileRef = 11A9D4F12D144AE900F6284A /* CoreAPIHelper.swift */; };
		11A9D4F62D144AE900F6284A /* CoreAPIManager.swift in Sources */ = {isa = PBXBuildFile; fileRef = 11A9D4F22D144AE900F6284A /* CoreAPIManager.swift */; };
		11A9D4F72D144AE900F6284A /* CoreErrorModel.swift in Sources */ = {isa = PBXBuildFile; fileRef = 11A9D4F32D144AE900F6284A /* CoreErrorModel.swift */; };
		11A9D5002D144B3C00F6284A /* ReusableButton.swift in Sources */ = {isa = PBXBuildFile; fileRef = 11A9D4FB2D144B3C00F6284A /* ReusableButton.swift */; };
		11A9D5012D144B3C00F6284A /* BaseViewController.swift in Sources */ = {isa = PBXBuildFile; fileRef = 11A9D4F92D144B3C00F6284A /* BaseViewController.swift */; };
		11A9D5022D144B3C00F6284A /* ReusableTextField.swift in Sources */ = {isa = PBXBuildFile; fileRef = 11A9D4FD2D144B3C00F6284A /* ReusableTextField.swift */; };
		11A9D5032D144B3C00F6284A /* ReusableLabel.swift in Sources */ = {isa = PBXBuildFile; fileRef = 11A9D4FC2D144B3C00F6284A /* ReusableLabel.swift */; };
		11A9D50B2D144BF200F6284A /* HomeViewModel.swift in Sources */ = {isa = PBXBuildFile; fileRef = 11A9D50A2D144BF200F6284A /* HomeViewModel.swift */; };
		11A9D5682D144C4A00F6284A /* UserDefaultsKey.swift in Sources */ = {isa = PBXBuildFile; fileRef = 11A9D5672D144C4A00F6284A /* UserDefaultsKey.swift */; };
		11A9D5692D144C4A00F6284A /* UserDefaultsHelper.swift in Sources */ = {isa = PBXBuildFile; fileRef = 11A9D5662D144C4A00F6284A /* UserDefaultsHelper.swift */; };
		11B753822D369EC8006AFFC4 /* TitleVideoDTO.swift in Sources */ = {isa = PBXBuildFile; fileRef = 11B753812D369EC8006AFFC4 /* TitleVideoDTO.swift */; };
		11B753842D36BB09006AFFC4 /* TitleVideoProtocol.swift in Sources */ = {isa = PBXBuildFile; fileRef = 11B753832D36BB09006AFFC4 /* TitleVideoProtocol.swift */; };
		11C07A202D1C34CF00F0D90A /* TvShowListsHelper.swift in Sources */ = {isa = PBXBuildFile; fileRef = 11C07A1C2D1C34CF00F0D90A /* TvShowListsHelper.swift */; };
		11C07A212D1C34CF00F0D90A /* TvShowListsUseCase.swift in Sources */ = {isa = PBXBuildFile; fileRef = 11C07A1D2D1C34CF00F0D90A /* TvShowListsUseCase.swift */; };
		11C07A222D1C34CF00F0D90A /* TvShowListsAPIService.swift in Sources */ = {isa = PBXBuildFile; fileRef = 11C07A1E2D1C34CF00F0D90A /* TvShowListsAPIService.swift */; };
		11C07A262D1C363E00F0D90A /* TvShowListsDTO.swift in Sources */ = {isa = PBXBuildFile; fileRef = 11C07A252D1C363E00F0D90A /* TvShowListsDTO.swift */; };
		11C07A2E2D1C371E00F0D90A /* TvShowResultDTO.swift in Sources */ = {isa = PBXBuildFile; fileRef = 11C07A2D2D1C371E00F0D90A /* TvShowResultDTO.swift */; };
		11C741DC2D313DB50021F832 /* GoogleSignIn in Frameworks */ = {isa = PBXBuildFile; productRef = 11C741DB2D313DB50021F832 /* GoogleSignIn */; };
		11C741DE2D313DB50021F832 /* GoogleSignInSwift in Frameworks */ = {isa = PBXBuildFile; productRef = 11C741DD2D313DB50021F832 /* GoogleSignInSwift */; };
		11C741E02D313DC40021F832 /* GoogleService-Info.plist in Resources */ = {isa = PBXBuildFile; fileRef = 11C741DF2D313DC40021F832 /* GoogleService-Info.plist */; };
		11CC75572D15C52600903217 /* Colors.xcassets in Resources */ = {isa = PBXBuildFile; fileRef = 11CC75562D15C52600903217 /* Colors.xcassets */; };
		11CC75592D15D1B600903217 /* Coordinator.swift in Sources */ = {isa = PBXBuildFile; fileRef = 11CC75582D15D1B600903217 /* Coordinator.swift */; };
		11CC755B2D15D2AF00903217 /* AppCoordinator.swift in Sources */ = {isa = PBXBuildFile; fileRef = 11CC755A2D15D2AF00903217 /* AppCoordinator.swift */; };
		11CC75BF2D15D92E00903217 /* Nexa-Regular.ttf in Resources */ = {isa = PBXBuildFile; fileRef = 11CC75BD2D15D92E00903217 /* Nexa-Regular.ttf */; };
		11CC75C02D15D92E00903217 /* Nexa-Light.ttf in Resources */ = {isa = PBXBuildFile; fileRef = 11CC75BC2D15D92E00903217 /* Nexa-Light.ttf */; };
		11CC75C12D15D92E00903217 /* Nexa-Bold.ttf in Resources */ = {isa = PBXBuildFile; fileRef = 11CC75BB2D15D92E00903217 /* Nexa-Bold.ttf */; };
		11CC75C32D15D9CB00903217 /* HomeTabBarCoordinator.swift in Sources */ = {isa = PBXBuildFile; fileRef = 11CC75C22D15D9CB00903217 /* HomeTabBarCoordinator.swift */; };
		11CC75C62D15DA4500903217 /* TabBarController.swift in Sources */ = {isa = PBXBuildFile; fileRef = 11CC75C52D15DA4500903217 /* TabBarController.swift */; };
		11CC75CA2D15DD5B00903217 /* HomeCoordinator.swift in Sources */ = {isa = PBXBuildFile; fileRef = 11CC75C92D15DD5B00903217 /* HomeCoordinator.swift */; };
		11CC75CD2D15E31C00903217 /* FavoriteCoordinator.swift in Sources */ = {isa = PBXBuildFile; fileRef = 11CC75CC2D15E31C00903217 /* FavoriteCoordinator.swift */; };
		11CC75D22D15E35E00903217 /* FavoriteViewModel.swift in Sources */ = {isa = PBXBuildFile; fileRef = 11CC75D12D15E35E00903217 /* FavoriteViewModel.swift */; };
		11CC75D42D15E37400903217 /* FavoriteViewController.swift in Sources */ = {isa = PBXBuildFile; fileRef = 11CC75D32D15E37400903217 /* FavoriteViewController.swift */; };
		11CC75D72D1603BA00903217 /* TitleImageCell.swift in Sources */ = {isa = PBXBuildFile; fileRef = 11CC75D62D1603BA00903217 /* TitleImageCell.swift */; };
		11CC75DA2D16B16E00903217 /* MovieListsHelper.swift in Sources */ = {isa = PBXBuildFile; fileRef = 11CC75D92D16B16E00903217 /* MovieListsHelper.swift */; };
		11CC75DC2D16B19300903217 /* MovieListsUseCase.swift in Sources */ = {isa = PBXBuildFile; fileRef = 11CC75DB2D16B19300903217 /* MovieListsUseCase.swift */; };
		11CC75DE2D16B19E00903217 /* MovieListsAPIService.swift in Sources */ = {isa = PBXBuildFile; fileRef = 11CC75DD2D16B19E00903217 /* MovieListsAPIService.swift */; };
		11CC75E22D16BB4E00903217 /* MovieListsDTO.swift in Sources */ = {isa = PBXBuildFile; fileRef = 11CC75E12D16BB4E00903217 /* MovieListsDTO.swift */; };
		11CC75E92D16C07E00903217 /* SDWebImage in Frameworks */ = {isa = PBXBuildFile; productRef = 11CC75E82D16C07E00903217 /* SDWebImage */; };
		11CC75EC2D16C0F200903217 /* SDWebImage in Frameworks */ = {isa = PBXBuildFile; productRef = 11CC75EB2D16C0F200903217 /* SDWebImage */; };
		11CC75EF2D16C21D00903217 /* SDWebImage in Frameworks */ = {isa = PBXBuildFile; productRef = 11CC75EE2D16C21D00903217 /* SDWebImage */; };
		11CC75F22D16C25200903217 /* SDWebImage in Frameworks */ = {isa = PBXBuildFile; productRef = 11CC75F12D16C25200903217 /* SDWebImage */; };
		11CC75F42D16C25200903217 /* SDWebImageMapKit in Frameworks */ = {isa = PBXBuildFile; productRef = 11CC75F32D16C25200903217 /* SDWebImageMapKit */; };
		11CC75F72D16C32500903217 /* SDWebImage in Frameworks */ = {isa = PBXBuildFile; productRef = 11CC75F62D16C32500903217 /* SDWebImage */; };
		11CC75F92D16C41800903217 /* TitleImageCellProtocol.swift in Sources */ = {isa = PBXBuildFile; fileRef = 11CC75F82D16C41800903217 /* TitleImageCellProtocol.swift */; };
		11DA8AEB2D19DBDB009529D6 /* MovieDetailProtocol.swift in Sources */ = {isa = PBXBuildFile; fileRef = 11DA8AEA2D19DBDB009529D6 /* MovieDetailProtocol.swift */; };
		11DB76A42D303FDF00326F31 /* ProfileInfoCollectionViewCell.swift in Sources */ = {isa = PBXBuildFile; fileRef = 11DB76A32D303FDF00326F31 /* ProfileInfoCollectionViewCell.swift */; };
		11DB76A62D3053A600326F31 /* ProfileNavigation.swift in Sources */ = {isa = PBXBuildFile; fileRef = 11DB76A52D3053A600326F31 /* ProfileNavigation.swift */; };
		11E460CD2D3975AE00D29DED /* RatedCollectionViewCell.swift in Sources */ = {isa = PBXBuildFile; fileRef = 11E460CB2D3975AE00D29DED /* RatedCollectionViewCell.swift */; };
		11E460CF2D39781100D29DED /* FavoriteNavigation.swift in Sources */ = {isa = PBXBuildFile; fileRef = 11E460CE2D39781100D29DED /* FavoriteNavigation.swift */; };
		11E460D12D3A774D00D29DED /* RatedTvShowsDTO.swift in Sources */ = {isa = PBXBuildFile; fileRef = 11E460D02D3A774D00D29DED /* RatedTvShowsDTO.swift */; };
		11E460D32D3A780400D29DED /* RatedMoviesDTO.swift in Sources */ = {isa = PBXBuildFile; fileRef = 11E460D22D3A780400D29DED /* RatedMoviesDTO.swift */; };
		11ED735E2D26C74F0039238A /* UserDataModel.swift in Sources */ = {isa = PBXBuildFile; fileRef = 11ED735D2D26C74F0039238A /* UserDataModel.swift */; };
		11F68AC82D2EF95E002A6B51 /* SearchNavigation.swift in Sources */ = {isa = PBXBuildFile; fileRef = 11F68AC72D2EF95E002A6B51 /* SearchNavigation.swift */; };
		11F68ACB2D2F1072002A6B51 /* SearchCollectionViewCell.swift in Sources */ = {isa = PBXBuildFile; fileRef = 11F68ACA2D2F1072002A6B51 /* SearchCollectionViewCell.swift */; };
/* End PBXBuildFile section */

/* Begin PBXFileReference section */
		1100C5142D1EC8B900EE373E /* HomeCollectionLayout.swift */ = {isa = PBXFileReference; lastKnownFileType = sourcecode.swift; path = HomeCollectionLayout.swift; sourceTree = "<group>"; };
		1100C5162D1ECCA600EE373E /* ListSectionHeader.swift */ = {isa = PBXFileReference; lastKnownFileType = sourcecode.swift; path = ListSectionHeader.swift; sourceTree = "<group>"; };
		1100C5182D1ED2DD00EE373E /* TitlesSwitchSegmentCell.swift */ = {isa = PBXFileReference; lastKnownFileType = sourcecode.swift; path = TitlesSwitchSegmentCell.swift; sourceTree = "<group>"; };
		1100C57D2D1F45F500EE373E /* TrendingTitleCell.swift */ = {isa = PBXFileReference; lastKnownFileType = sourcecode.swift; path = TrendingTitleCell.swift; sourceTree = "<group>"; };
		111D3A7A2D2AEDCB00590CD7 /* DemoMovieTitleImageCell.swift */ = {isa = PBXFileReference; lastKnownFileType = sourcecode.swift; path = DemoMovieTitleImageCell.swift; sourceTree = "<group>"; };
		113DDE242D18262800AB95E1 /* HomeNavigation.swift */ = {isa = PBXFileReference; lastKnownFileType = sourcecode.swift; path = HomeNavigation.swift; sourceTree = "<group>"; };
		113DDE262D18269300AB95E1 /* MovieDetailViewController.swift */ = {isa = PBXFileReference; lastKnownFileType = sourcecode.swift; path = MovieDetailViewController.swift; sourceTree = "<group>"; };
		113DDE272D18269300AB95E1 /* MovieDetailViewModel.swift */ = {isa = PBXFileReference; lastKnownFileType = sourcecode.swift; path = MovieDetailViewModel.swift; sourceTree = "<group>"; };
		113DDE3B2D18279700AB95E1 /* SeeAllItemsController.swift */ = {isa = PBXFileReference; lastKnownFileType = sourcecode.swift; path = SeeAllItemsController.swift; sourceTree = "<group>"; };
		113DDE3C2D18279700AB95E1 /* SeeAllItemsViewModel.swift */ = {isa = PBXFileReference; lastKnownFileType = sourcecode.swift; path = SeeAllItemsViewModel.swift; sourceTree = "<group>"; };
		113DDE4F2D184B9B00AB95E1 /* ImageCollectionViewCell.swift */ = {isa = PBXFileReference; lastKnownFileType = sourcecode.swift; path = ImageCollectionViewCell.swift; sourceTree = "<group>"; };
		113DDE522D184E9200AB95E1 /* MovieResultDTO.swift */ = {isa = PBXFileReference; lastKnownFileType = sourcecode.swift; path = MovieResultDTO.swift; sourceTree = "<group>"; };
		114D705E2D1AEA24006C167B /* MovieDetailDTO.swift */ = {isa = PBXFileReference; lastKnownFileType = sourcecode.swift; path = MovieDetailDTO.swift; sourceTree = "<group>"; };
		114D70602D1AEF15006C167B /* MovieDetailCollectionViewCell.swift */ = {isa = PBXFileReference; lastKnownFileType = sourcecode.swift; path = MovieDetailCollectionViewCell.swift; sourceTree = "<group>"; };
		114D70632D1AEFDE006C167B /* MovieDetailHelper.swift */ = {isa = PBXFileReference; lastKnownFileType = sourcecode.swift; path = MovieDetailHelper.swift; sourceTree = "<group>"; };
		114D70642D1AEFDE006C167B /* MovieDetailUseCase.swift */ = {isa = PBXFileReference; lastKnownFileType = sourcecode.swift; path = MovieDetailUseCase.swift; sourceTree = "<group>"; };
		114D70652D1AEFDE006C167B /* MovieDetailAPIService.swift */ = {isa = PBXFileReference; lastKnownFileType = sourcecode.swift; path = MovieDetailAPIService.swift; sourceTree = "<group>"; };
		1156FD442D38031D00AC9A2F /* GuestSessionDTO.swift */ = {isa = PBXFileReference; lastKnownFileType = sourcecode.swift; path = GuestSessionDTO.swift; sourceTree = "<group>"; };
		1156FD472D38040900AC9A2F /* GuestSessionHelper.swift */ = {isa = PBXFileReference; lastKnownFileType = sourcecode.swift; path = GuestSessionHelper.swift; sourceTree = "<group>"; };
		1156FD482D38040900AC9A2F /* GuestSessionUseCase.swift */ = {isa = PBXFileReference; lastKnownFileType = sourcecode.swift; path = GuestSessionUseCase.swift; sourceTree = "<group>"; };
		1156FD492D38040900AC9A2F /* GuestSessionAPIService.swift */ = {isa = PBXFileReference; lastKnownFileType = sourcecode.swift; path = GuestSessionAPIService.swift; sourceTree = "<group>"; };
		1156FD4D2D3806DE00AC9A2F /* GuestSessionProtocol.swift */ = {isa = PBXFileReference; lastKnownFileType = sourcecode.swift; path = GuestSessionProtocol.swift; sourceTree = "<group>"; };
		1156FD4F2D3934EC00AC9A2F /* POSTSuccessDTO.swift */ = {isa = PBXFileReference; lastKnownFileType = sourcecode.swift; path = POSTSuccessDTO.swift; sourceTree = "<group>"; };
		1156FD512D39351300AC9A2F /* POSTSuccessProtocol.swift */ = {isa = PBXFileReference; lastKnownFileType = sourcecode.swift; path = POSTSuccessProtocol.swift; sourceTree = "<group>"; };
		11609A732D20341C00365915 /* TrendingSegmentHeader.swift */ = {isa = PBXFileReference; lastKnownFileType = sourcecode.swift; path = TrendingSegmentHeader.swift; sourceTree = "<group>"; };
		11609A752D20386900365915 /* TrendingMovieDTO.swift */ = {isa = PBXFileReference; lastKnownFileType = sourcecode.swift; path = TrendingMovieDTO.swift; sourceTree = "<group>"; };
		11609A772D2084DD00365915 /* TrendingTvShowDTO.swift */ = {isa = PBXFileReference; lastKnownFileType = sourcecode.swift; path = TrendingTvShowDTO.swift; sourceTree = "<group>"; };
		11609A832D22CF6F00365915 /* AuthNavigation.swift */ = {isa = PBXFileReference; lastKnownFileType = sourcecode.swift; path = AuthNavigation.swift; sourceTree = "<group>"; };
		11609A842D22CF6F00365915 /* AuthCoordinator.swift */ = {isa = PBXFileReference; lastKnownFileType = sourcecode.swift; path = AuthCoordinator.swift; sourceTree = "<group>"; };
		11609A852D22CF6F00365915 /* LoginViewController.swift */ = {isa = PBXFileReference; lastKnownFileType = sourcecode.swift; path = LoginViewController.swift; sourceTree = "<group>"; };
		11609A862D22CF6F00365915 /* LoginViewModel.swift */ = {isa = PBXFileReference; lastKnownFileType = sourcecode.swift; path = LoginViewModel.swift; sourceTree = "<group>"; };
		11609A8F2D22D58A00365915 /* LaunchViewController.swift */ = {isa = PBXFileReference; lastKnownFileType = sourcecode.swift; path = LaunchViewController.swift; sourceTree = "<group>"; };
		11609A902D22D58A00365915 /* LaunchViewModel.swift */ = {isa = PBXFileReference; lastKnownFileType = sourcecode.swift; path = LaunchViewModel.swift; sourceTree = "<group>"; };
		11609A942D23076E00365915 /* SignupViewController.swift */ = {isa = PBXFileReference; lastKnownFileType = sourcecode.swift; path = SignupViewController.swift; sourceTree = "<group>"; };
		11609A952D23076E00365915 /* SignupViewModel.swift */ = {isa = PBXFileReference; lastKnownFileType = sourcecode.swift; path = SignupViewModel.swift; sourceTree = "<group>"; };
		11609A9B2D23FDBD00365915 /* FirebaseHelper.swift */ = {isa = PBXFileReference; lastKnownFileType = sourcecode.swift; path = FirebaseHelper.swift; sourceTree = "<group>"; };
		118CE4352D2D704600EF70EC /* TvShowDetailDTO.swift */ = {isa = PBXFileReference; lastKnownFileType = sourcecode.swift; path = TvShowDetailDTO.swift; sourceTree = "<group>"; };
		118CE4392D2D975C00EF70EC /* TvShowDetailProtocol.swift */ = {isa = PBXFileReference; lastKnownFileType = sourcecode.swift; path = TvShowDetailProtocol.swift; sourceTree = "<group>"; };
		118CE43B2D2D9DEA00EF70EC /* TvShowDetailHelper.swift */ = {isa = PBXFileReference; lastKnownFileType = sourcecode.swift; path = TvShowDetailHelper.swift; sourceTree = "<group>"; };
		118CE43C2D2D9DEA00EF70EC /* TvShowDetailUseCase.swift */ = {isa = PBXFileReference; lastKnownFileType = sourcecode.swift; path = TvShowDetailUseCase.swift; sourceTree = "<group>"; };
		118CE43D2D2D9DEA00EF70EC /* TvShowDetailAPIService.swift */ = {isa = PBXFileReference; lastKnownFileType = sourcecode.swift; path = TvShowDetailAPIService.swift; sourceTree = "<group>"; };
		1190272D2D17283F00B0B9DD /* SearchCoordinator.swift */ = {isa = PBXFileReference; lastKnownFileType = sourcecode.swift; path = SearchCoordinator.swift; sourceTree = "<group>"; };
		1190272E2D17283F00B0B9DD /* SearchViewModel.swift */ = {isa = PBXFileReference; lastKnownFileType = sourcecode.swift; path = SearchViewModel.swift; sourceTree = "<group>"; };
		1190272F2D17283F00B0B9DD /* SearchViewController.swift */ = {isa = PBXFileReference; lastKnownFileType = sourcecode.swift; path = SearchViewController.swift; sourceTree = "<group>"; };
		119027362D17295100B0B9DD /* ProfileCoordinator.swift */ = {isa = PBXFileReference; lastKnownFileType = sourcecode.swift; path = ProfileCoordinator.swift; sourceTree = "<group>"; };
		119027372D17295100B0B9DD /* ProfileViewModel.swift */ = {isa = PBXFileReference; lastKnownFileType = sourcecode.swift; path = ProfileViewModel.swift; sourceTree = "<group>"; };
		119027382D17295100B0B9DD /* ProfileViewController.swift */ = {isa = PBXFileReference; lastKnownFileType = sourcecode.swift; path = ProfileViewController.swift; sourceTree = "<group>"; };
		11A9D4B32D143E4500F6284A /* MovieTrackingApp.app */ = {isa = PBXFileReference; explicitFileType = wrapper.application; includeInIndex = 0; path = MovieTrackingApp.app; sourceTree = BUILT_PRODUCTS_DIR; };
		11A9D4DB2D143F1900F6284A /* AppDelegate.swift */ = {isa = PBXFileReference; lastKnownFileType = sourcecode.swift; path = AppDelegate.swift; sourceTree = "<group>"; };
		11A9D4DC2D143F1900F6284A /* Assets.xcassets */ = {isa = PBXFileReference; lastKnownFileType = folder.assetcatalog; path = Assets.xcassets; sourceTree = "<group>"; };
		11A9D4DD2D143F1900F6284A /* HomeViewController.swift */ = {isa = PBXFileReference; lastKnownFileType = sourcecode.swift; path = HomeViewController.swift; sourceTree = "<group>"; };
		11A9D4DE2D143F1900F6284A /* Info.plist */ = {isa = PBXFileReference; lastKnownFileType = text.plist.xml; path = Info.plist; sourceTree = "<group>"; };
		11A9D4DF2D143F1900F6284A /* SceneDelegate.swift */ = {isa = PBXFileReference; lastKnownFileType = sourcecode.swift; path = SceneDelegate.swift; sourceTree = "<group>"; };
		11A9D4ED2D144A9300F6284A /* Extension.swift */ = {isa = PBXFileReference; lastKnownFileType = sourcecode.swift; path = Extension.swift; sourceTree = "<group>"; };
		11A9D4EE2D144A9300F6284A /* LayoutExtensions.swift */ = {isa = PBXFileReference; lastKnownFileType = sourcecode.swift; path = LayoutExtensions.swift; sourceTree = "<group>"; };
		11A9D4F12D144AE900F6284A /* CoreAPIHelper.swift */ = {isa = PBXFileReference; lastKnownFileType = sourcecode.swift; path = CoreAPIHelper.swift; sourceTree = "<group>"; };
		11A9D4F22D144AE900F6284A /* CoreAPIManager.swift */ = {isa = PBXFileReference; lastKnownFileType = sourcecode.swift; path = CoreAPIManager.swift; sourceTree = "<group>"; };
		11A9D4F32D144AE900F6284A /* CoreErrorModel.swift */ = {isa = PBXFileReference; lastKnownFileType = sourcecode.swift; path = CoreErrorModel.swift; sourceTree = "<group>"; };
		11A9D4F92D144B3C00F6284A /* BaseViewController.swift */ = {isa = PBXFileReference; lastKnownFileType = sourcecode.swift; path = BaseViewController.swift; sourceTree = "<group>"; };
		11A9D4FB2D144B3C00F6284A /* ReusableButton.swift */ = {isa = PBXFileReference; lastKnownFileType = sourcecode.swift; path = ReusableButton.swift; sourceTree = "<group>"; };
		11A9D4FC2D144B3C00F6284A /* ReusableLabel.swift */ = {isa = PBXFileReference; lastKnownFileType = sourcecode.swift; path = ReusableLabel.swift; sourceTree = "<group>"; };
		11A9D4FD2D144B3C00F6284A /* ReusableTextField.swift */ = {isa = PBXFileReference; lastKnownFileType = sourcecode.swift; path = ReusableTextField.swift; sourceTree = "<group>"; };
		11A9D50A2D144BF200F6284A /* HomeViewModel.swift */ = {isa = PBXFileReference; lastKnownFileType = sourcecode.swift; path = HomeViewModel.swift; sourceTree = "<group>"; };
		11A9D5662D144C4A00F6284A /* UserDefaultsHelper.swift */ = {isa = PBXFileReference; lastKnownFileType = sourcecode.swift; path = UserDefaultsHelper.swift; sourceTree = "<group>"; };
		11A9D5672D144C4A00F6284A /* UserDefaultsKey.swift */ = {isa = PBXFileReference; lastKnownFileType = sourcecode.swift; path = UserDefaultsKey.swift; sourceTree = "<group>"; };
		11B753812D369EC8006AFFC4 /* TitleVideoDTO.swift */ = {isa = PBXFileReference; lastKnownFileType = sourcecode.swift; path = TitleVideoDTO.swift; sourceTree = "<group>"; };
		11B753832D36BB09006AFFC4 /* TitleVideoProtocol.swift */ = {isa = PBXFileReference; lastKnownFileType = sourcecode.swift; path = TitleVideoProtocol.swift; sourceTree = "<group>"; };
		11C07A1C2D1C34CF00F0D90A /* TvShowListsHelper.swift */ = {isa = PBXFileReference; lastKnownFileType = sourcecode.swift; path = TvShowListsHelper.swift; sourceTree = "<group>"; };
		11C07A1D2D1C34CF00F0D90A /* TvShowListsUseCase.swift */ = {isa = PBXFileReference; lastKnownFileType = sourcecode.swift; path = TvShowListsUseCase.swift; sourceTree = "<group>"; };
		11C07A1E2D1C34CF00F0D90A /* TvShowListsAPIService.swift */ = {isa = PBXFileReference; lastKnownFileType = sourcecode.swift; path = TvShowListsAPIService.swift; sourceTree = "<group>"; };
		11C07A252D1C363E00F0D90A /* TvShowListsDTO.swift */ = {isa = PBXFileReference; lastKnownFileType = sourcecode.swift; path = TvShowListsDTO.swift; sourceTree = "<group>"; };
		11C07A2D2D1C371E00F0D90A /* TvShowResultDTO.swift */ = {isa = PBXFileReference; lastKnownFileType = sourcecode.swift; path = TvShowResultDTO.swift; sourceTree = "<group>"; };
		11C741DF2D313DC40021F832 /* GoogleService-Info.plist */ = {isa = PBXFileReference; lastKnownFileType = text.plist.xml; path = "GoogleService-Info.plist"; sourceTree = "<group>"; };
		11CC75562D15C52600903217 /* Colors.xcassets */ = {isa = PBXFileReference; lastKnownFileType = folder.assetcatalog; path = Colors.xcassets; sourceTree = "<group>"; };
		11CC75582D15D1B600903217 /* Coordinator.swift */ = {isa = PBXFileReference; lastKnownFileType = sourcecode.swift; path = Coordinator.swift; sourceTree = "<group>"; };
		11CC755A2D15D2AF00903217 /* AppCoordinator.swift */ = {isa = PBXFileReference; lastKnownFileType = sourcecode.swift; path = AppCoordinator.swift; sourceTree = "<group>"; };
		11CC75BB2D15D92E00903217 /* Nexa-Bold.ttf */ = {isa = PBXFileReference; lastKnownFileType = file; path = "Nexa-Bold.ttf"; sourceTree = "<group>"; };
		11CC75BC2D15D92E00903217 /* Nexa-Light.ttf */ = {isa = PBXFileReference; lastKnownFileType = file; path = "Nexa-Light.ttf"; sourceTree = "<group>"; };
		11CC75BD2D15D92E00903217 /* Nexa-Regular.ttf */ = {isa = PBXFileReference; lastKnownFileType = file; path = "Nexa-Regular.ttf"; sourceTree = "<group>"; };
		11CC75C22D15D9CB00903217 /* HomeTabBarCoordinator.swift */ = {isa = PBXFileReference; lastKnownFileType = sourcecode.swift; path = HomeTabBarCoordinator.swift; sourceTree = "<group>"; };
		11CC75C52D15DA4500903217 /* TabBarController.swift */ = {isa = PBXFileReference; lastKnownFileType = sourcecode.swift; path = TabBarController.swift; sourceTree = "<group>"; };
		11CC75C92D15DD5B00903217 /* HomeCoordinator.swift */ = {isa = PBXFileReference; lastKnownFileType = sourcecode.swift; path = HomeCoordinator.swift; sourceTree = "<group>"; };
		11CC75CC2D15E31C00903217 /* FavoriteCoordinator.swift */ = {isa = PBXFileReference; lastKnownFileType = sourcecode.swift; path = FavoriteCoordinator.swift; sourceTree = "<group>"; };
		11CC75D12D15E35E00903217 /* FavoriteViewModel.swift */ = {isa = PBXFileReference; lastKnownFileType = sourcecode.swift; path = FavoriteViewModel.swift; sourceTree = "<group>"; };
		11CC75D32D15E37400903217 /* FavoriteViewController.swift */ = {isa = PBXFileReference; lastKnownFileType = sourcecode.swift; path = FavoriteViewController.swift; sourceTree = "<group>"; };
		11CC75D62D1603BA00903217 /* TitleImageCell.swift */ = {isa = PBXFileReference; lastKnownFileType = sourcecode.swift; path = TitleImageCell.swift; sourceTree = "<group>"; };
		11CC75D92D16B16E00903217 /* MovieListsHelper.swift */ = {isa = PBXFileReference; lastKnownFileType = sourcecode.swift; path = MovieListsHelper.swift; sourceTree = "<group>"; };
		11CC75DB2D16B19300903217 /* MovieListsUseCase.swift */ = {isa = PBXFileReference; lastKnownFileType = sourcecode.swift; path = MovieListsUseCase.swift; sourceTree = "<group>"; };
		11CC75DD2D16B19E00903217 /* MovieListsAPIService.swift */ = {isa = PBXFileReference; lastKnownFileType = sourcecode.swift; path = MovieListsAPIService.swift; sourceTree = "<group>"; };
		11CC75E12D16BB4E00903217 /* MovieListsDTO.swift */ = {isa = PBXFileReference; lastKnownFileType = sourcecode.swift; path = MovieListsDTO.swift; sourceTree = "<group>"; };
		11CC75F82D16C41800903217 /* TitleImageCellProtocol.swift */ = {isa = PBXFileReference; lastKnownFileType = sourcecode.swift; path = TitleImageCellProtocol.swift; sourceTree = "<group>"; };
		11DA8AEA2D19DBDB009529D6 /* MovieDetailProtocol.swift */ = {isa = PBXFileReference; lastKnownFileType = sourcecode.swift; path = MovieDetailProtocol.swift; sourceTree = "<group>"; };
		11DB76A32D303FDF00326F31 /* ProfileInfoCollectionViewCell.swift */ = {isa = PBXFileReference; lastKnownFileType = sourcecode.swift; path = ProfileInfoCollectionViewCell.swift; sourceTree = "<group>"; };
		11DB76A52D3053A600326F31 /* ProfileNavigation.swift */ = {isa = PBXFileReference; lastKnownFileType = sourcecode.swift; path = ProfileNavigation.swift; sourceTree = "<group>"; };
		11E460CB2D3975AE00D29DED /* RatedCollectionViewCell.swift */ = {isa = PBXFileReference; lastKnownFileType = sourcecode.swift; path = RatedCollectionViewCell.swift; sourceTree = "<group>"; };
		11E460CE2D39781100D29DED /* FavoriteNavigation.swift */ = {isa = PBXFileReference; lastKnownFileType = sourcecode.swift; path = FavoriteNavigation.swift; sourceTree = "<group>"; };
		11E460D02D3A774D00D29DED /* RatedTvShowsDTO.swift */ = {isa = PBXFileReference; lastKnownFileType = sourcecode.swift; path = RatedTvShowsDTO.swift; sourceTree = "<group>"; };
		11E460D22D3A780400D29DED /* RatedMoviesDTO.swift */ = {isa = PBXFileReference; lastKnownFileType = sourcecode.swift; path = RatedMoviesDTO.swift; sourceTree = "<group>"; };
		11ED735D2D26C74F0039238A /* UserDataModel.swift */ = {isa = PBXFileReference; lastKnownFileType = sourcecode.swift; path = UserDataModel.swift; sourceTree = "<group>"; };
		11F68AC72D2EF95E002A6B51 /* SearchNavigation.swift */ = {isa = PBXFileReference; lastKnownFileType = sourcecode.swift; path = SearchNavigation.swift; sourceTree = "<group>"; };
		11F68ACA2D2F1072002A6B51 /* SearchCollectionViewCell.swift */ = {isa = PBXFileReference; lastKnownFileType = sourcecode.swift; path = SearchCollectionViewCell.swift; sourceTree = "<group>"; };
/* End PBXFileReference section */

/* Begin PBXFrameworksBuildPhase section */
		11A9D4B02D143E4500F6284A /* Frameworks */ = {
			isa = PBXFrameworksBuildPhase;
			buildActionMask = 2147483647;
			files = (
				11CC75F72D16C32500903217 /* SDWebImage in Frameworks */,
				11609A822D21E42400365915 /* FirebaseAuth in Frameworks */,
				11C741DC2D313DB50021F832 /* GoogleSignIn in Frameworks */,
				11C741DE2D313DB50021F832 /* GoogleSignInSwift in Frameworks */,
				11CC75EF2D16C21D00903217 /* SDWebImage in Frameworks */,
				11CC75F42D16C25200903217 /* SDWebImageMapKit in Frameworks */,
				1100C57C2D1F000800EE373E /* SDWebImage in Frameworks */,
				11CC75EC2D16C0F200903217 /* SDWebImage in Frameworks */,
				11609A802D21E41500365915 /* FirebaseFirestore in Frameworks */,
				11CC75F22D16C25200903217 /* SDWebImage in Frameworks */,
				11609A7E2D21E28900365915 /* FirebaseCore in Frameworks */,
				11CC75E92D16C07E00903217 /* SDWebImage in Frameworks */,
			);
			runOnlyForDeploymentPostprocessing = 0;
		};
/* End PBXFrameworksBuildPhase section */

/* Begin PBXGroup section */
		1100C5132D1EC8A700EE373E /* Layouts */ = {
			isa = PBXGroup;
			children = (
				1100C5142D1EC8B900EE373E /* HomeCollectionLayout.swift */,
			);
			path = Layouts;
			sourceTree = "<group>";
		};
		113DDE282D18269300AB95E1 /* ViewModules */ = {
			isa = PBXGroup;
			children = (
				113DDE262D18269300AB95E1 /* MovieDetailViewController.swift */,
				113DDE272D18269300AB95E1 /* MovieDetailViewModel.swift */,
			);
			path = ViewModules;
			sourceTree = "<group>";
		};
		113DDE2D2D18269600AB95E1 /* Views */ = {
			isa = PBXGroup;
			children = (
				11F68ACE2D2F12AB002A6B51 /* Cells */,
			);
			path = Views;
			sourceTree = "<group>";
		};
		113DDE342D18269900AB95E1 /* Models */ = {
			isa = PBXGroup;
			children = (
				11DA8AEA2D19DBDB009529D6 /* MovieDetailProtocol.swift */,
				114D705E2D1AEA24006C167B /* MovieDetailDTO.swift */,
				118CE4352D2D704600EF70EC /* TvShowDetailDTO.swift */,
				118CE4392D2D975C00EF70EC /* TvShowDetailProtocol.swift */,
				11B753812D369EC8006AFFC4 /* TitleVideoDTO.swift */,
				11B753832D36BB09006AFFC4 /* TitleVideoProtocol.swift */,
			);
			path = Models;
			sourceTree = "<group>";
		};
		113DDE3A2D18276C00AB95E1 /* SeeAllItems */ = {
			isa = PBXGroup;
			children = (
				113DDE3D2D18279700AB95E1 /* ViewModules */,
				113DDE432D18279700AB95E1 /* Models */,
				113DDE462D18279700AB95E1 /* Views */,
			);
			path = SeeAllItems;
			sourceTree = "<group>";
		};
		113DDE3D2D18279700AB95E1 /* ViewModules */ = {
			isa = PBXGroup;
			children = (
				113DDE3B2D18279700AB95E1 /* SeeAllItemsController.swift */,
				113DDE3C2D18279700AB95E1 /* SeeAllItemsViewModel.swift */,
			);
			path = ViewModules;
			sourceTree = "<group>";
		};
		113DDE432D18279700AB95E1 /* Models */ = {
			isa = PBXGroup;
			children = (
			);
			path = Models;
			sourceTree = "<group>";
		};
		113DDE462D18279700AB95E1 /* Views */ = {
			isa = PBXGroup;
			children = (
				113DDE502D184B9B00AB95E1 /* Cells */,
			);
			path = Views;
			sourceTree = "<group>";
		};
		113DDE502D184B9B00AB95E1 /* Cells */ = {
			isa = PBXGroup;
			children = (
				113DDE4F2D184B9B00AB95E1 /* ImageCollectionViewCell.swift */,
			);
			path = Cells;
			sourceTree = "<group>";
		};
		113DDE542D184F7D00AB95E1 /* Sub-Pages */ = {
			isa = PBXGroup;
			children = (
				1190273F2D17381B00B0B9DD /* MovieDetail */,
				113DDE3A2D18276C00AB95E1 /* SeeAllItems */,
			);
			path = "Sub-Pages";
			sourceTree = "<group>";
		};
		114D70622D1AEFCF006C167B /* MovieDetail */ = {
			isa = PBXGroup;
			children = (
				114D70632D1AEFDE006C167B /* MovieDetailHelper.swift */,
				114D70642D1AEFDE006C167B /* MovieDetailUseCase.swift */,
				114D70652D1AEFDE006C167B /* MovieDetailAPIService.swift */,
			);
			path = MovieDetail;
			sourceTree = "<group>";
		};
		1156FD462D3803DF00AC9A2F /* GuestSession */ = {
			isa = PBXGroup;
			children = (
				1156FD472D38040900AC9A2F /* GuestSessionHelper.swift */,
				1156FD482D38040900AC9A2F /* GuestSessionUseCase.swift */,
				1156FD492D38040900AC9A2F /* GuestSessionAPIService.swift */,
			);
			path = GuestSession;
			sourceTree = "<group>";
		};
		11609A872D22CF6F00365915 /* ViewModules */ = {
			isa = PBXGroup;
			children = (
				11609A852D22CF6F00365915 /* LoginViewController.swift */,
				11609A862D22CF6F00365915 /* LoginViewModel.swift */,
			);
			path = ViewModules;
			sourceTree = "<group>";
		};
		11609A8C2D22D0C500365915 /* Login */ = {
			isa = PBXGroup;
			children = (
				11609A872D22CF6F00365915 /* ViewModules */,
			);
			path = Login;
			sourceTree = "<group>";
		};
		11609A8D2D22D0CB00365915 /* SignUp */ = {
			isa = PBXGroup;
			children = (
				11609A962D23076E00365915 /* ViewModules */,
			);
			path = SignUp;
			sourceTree = "<group>";
		};
		11609A8E2D22D57A00365915 /* Launch */ = {
			isa = PBXGroup;
			children = (
				11609A912D22D58A00365915 /* ViewModules */,
			);
			path = Launch;
			sourceTree = "<group>";
		};
		11609A912D22D58A00365915 /* ViewModules */ = {
			isa = PBXGroup;
			children = (
				11609A8F2D22D58A00365915 /* LaunchViewController.swift */,
				11609A902D22D58A00365915 /* LaunchViewModel.swift */,
			);
			path = ViewModules;
			sourceTree = "<group>";
		};
		11609A962D23076E00365915 /* ViewModules */ = {
			isa = PBXGroup;
			children = (
				11609A942D23076E00365915 /* SignupViewController.swift */,
				11609A952D23076E00365915 /* SignupViewModel.swift */,
			);
			path = ViewModules;
			sourceTree = "<group>";
		};
		118CE43E2D2D9DEA00EF70EC /* TvShowDetail */ = {
			isa = PBXGroup;
			children = (
				118CE43B2D2D9DEA00EF70EC /* TvShowDetailHelper.swift */,
				118CE43C2D2D9DEA00EF70EC /* TvShowDetailUseCase.swift */,
				118CE43D2D2D9DEA00EF70EC /* TvShowDetailAPIService.swift */,
			);
			path = TvShowDetail;
			sourceTree = "<group>";
		};
		1190272B2D17280100B0B9DD /* Search */ = {
			isa = PBXGroup;
			children = (
				11F68AC72D2EF95E002A6B51 /* SearchNavigation.swift */,
				1190272D2D17283F00B0B9DD /* SearchCoordinator.swift */,
				119027302D17283F00B0B9DD /* ViewModules */,
				119027342D17284F00B0B9DD /* Views */,
				119027352D17284F00B0B9DD /* Models */,
			);
			path = Search;
			sourceTree = "<group>";
		};
		1190272C2D17281300B0B9DD /* Profile */ = {
			isa = PBXGroup;
			children = (
				11DB76A52D3053A600326F31 /* ProfileNavigation.swift */,
				119027362D17295100B0B9DD /* ProfileCoordinator.swift */,
				119027392D17295100B0B9DD /* ViewModules */,
				1190273A2D17295100B0B9DD /* Views */,
				1190273B2D17295100B0B9DD /* Models */,
			);
			path = Profile;
			sourceTree = "<group>";
		};
		119027302D17283F00B0B9DD /* ViewModules */ = {
			isa = PBXGroup;
			children = (
				1190272E2D17283F00B0B9DD /* SearchViewModel.swift */,
				1190272F2D17283F00B0B9DD /* SearchViewController.swift */,
			);
			path = ViewModules;
			sourceTree = "<group>";
		};
		119027342D17284F00B0B9DD /* Views */ = {
			isa = PBXGroup;
			children = (
				11F68AC92D2F1059002A6B51 /* Cells */,
			);
			path = Views;
			sourceTree = "<group>";
		};
		119027352D17284F00B0B9DD /* Models */ = {
			isa = PBXGroup;
			children = (
			);
			path = Models;
			sourceTree = "<group>";
		};
		119027392D17295100B0B9DD /* ViewModules */ = {
			isa = PBXGroup;
			children = (
				119027372D17295100B0B9DD /* ProfileViewModel.swift */,
				119027382D17295100B0B9DD /* ProfileViewController.swift */,
			);
			path = ViewModules;
			sourceTree = "<group>";
		};
		1190273A2D17295100B0B9DD /* Views */ = {
			isa = PBXGroup;
			children = (
				11DB76A22D303FCF00326F31 /* Cells */,
			);
			path = Views;
			sourceTree = "<group>";
		};
		1190273B2D17295100B0B9DD /* Models */ = {
			isa = PBXGroup;
			children = (
			);
			path = Models;
			sourceTree = "<group>";
		};
		1190273F2D17381B00B0B9DD /* MovieDetail */ = {
			isa = PBXGroup;
			children = (
				113DDE282D18269300AB95E1 /* ViewModules */,
				113DDE342D18269900AB95E1 /* Models */,
				113DDE2D2D18269600AB95E1 /* Views */,
			);
			path = MovieDetail;
			sourceTree = "<group>";
		};
		11A9D4AA2D143E4500F6284A = {
			isa = PBXGroup;
			children = (
				11A9D4E02D143F1900F6284A /* MovieTrackingApp */,
				11A9D4B42D143E4500F6284A /* Products */,
			);
			sourceTree = "<group>";
		};
		11A9D4B42D143E4500F6284A /* Products */ = {
			isa = PBXGroup;
			children = (
				11A9D4B32D143E4500F6284A /* MovieTrackingApp.app */,
			);
			name = Products;
			sourceTree = "<group>";
		};
		11A9D4E02D143F1900F6284A /* MovieTrackingApp */ = {
			isa = PBXGroup;
			children = (
				11A9D4E72D1448A900F6284A /* App */,
				11A9D4EC2D14498B00F6284A /* Network */,
				11A9D4E82D1448CE00F6284A /* Presentation */,
				11A9D4E92D1448DC00F6284A /* Helpers */,
				11A9D4EA2D1448E400F6284A /* Resources */,
				11A9D4DE2D143F1900F6284A /* Info.plist */,
				11C741DF2D313DC40021F832 /* GoogleService-Info.plist */,
			);
			path = MovieTrackingApp;
			sourceTree = "<group>";
		};
		11A9D4E72D1448A900F6284A /* App */ = {
			isa = PBXGroup;
			children = (
				11A9D4DB2D143F1900F6284A /* AppDelegate.swift */,
				11A9D4DF2D143F1900F6284A /* SceneDelegate.swift */,
				11CC75582D15D1B600903217 /* Coordinator.swift */,
				11CC755A2D15D2AF00903217 /* AppCoordinator.swift */,
			);
			path = App;
			sourceTree = "<group>";
		};
		11A9D4E82D1448CE00F6284A /* Presentation */ = {
			isa = PBXGroup;
			children = (
				11A9D5042D144B9000F6284A /* Auth */,
				11CC75C42D15D9E100903217 /* HomeTabBar */,
				11A9D4F82D144B2900F6284A /* Core */,
			);
			path = Presentation;
			sourceTree = "<group>";
		};
		11A9D4E92D1448DC00F6284A /* Helpers */ = {
			isa = PBXGroup;
			children = (
				11A9D5642D144C2F00F6284A /* Managers */,
				11A9D4EB2D14497000F6284A /* Extensions */,
			);
			path = Helpers;
			sourceTree = "<group>";
		};
		11A9D4EA2D1448E400F6284A /* Resources */ = {
			isa = PBXGroup;
			children = (
				11CC75552D15C3DC00903217 /* Fonts */,
				11A9D4DC2D143F1900F6284A /* Assets.xcassets */,
				11CC75562D15C52600903217 /* Colors.xcassets */,
			);
			path = Resources;
			sourceTree = "<group>";
		};
		11A9D4EB2D14497000F6284A /* Extensions */ = {
			isa = PBXGroup;
			children = (
				11A9D4ED2D144A9300F6284A /* Extension.swift */,
				11A9D4EE2D144A9300F6284A /* LayoutExtensions.swift */,
			);
			path = Extensions;
			sourceTree = "<group>";
		};
		11A9D4EC2D14498B00F6284A /* Network */ = {
			isa = PBXGroup;
			children = (
				1156FD462D3803DF00AC9A2F /* GuestSession */,
				11C07A1F2D1C34CF00F0D90A /* TvShowLists */,
				114D70622D1AEFCF006C167B /* MovieDetail */,
				118CE43E2D2D9DEA00EF70EC /* TvShowDetail */,
				11CC75D82D16B15100903217 /* MovieLists */,
				11A9D4F42D144AE900F6284A /* Core */,
			);
			path = Network;
			sourceTree = "<group>";
		};
		11A9D4F42D144AE900F6284A /* Core */ = {
			isa = PBXGroup;
			children = (
				11A9D4F12D144AE900F6284A /* CoreAPIHelper.swift */,
				11A9D4F22D144AE900F6284A /* CoreAPIManager.swift */,
				11A9D4F32D144AE900F6284A /* CoreErrorModel.swift */,
			);
			path = Core;
			sourceTree = "<group>";
		};
		11A9D4F82D144B2900F6284A /* Core */ = {
			isa = PBXGroup;
			children = (
				11A9D4F92D144B3C00F6284A /* BaseViewController.swift */,
				11A9D4FF2D144B3C00F6284A /* ReusableViews */,
			);
			path = Core;
			sourceTree = "<group>";
		};
		11A9D4FA2D144B3C00F6284A /* Cells */ = {
			isa = PBXGroup;
			children = (
			);
			path = Cells;
			sourceTree = "<group>";
		};
		11A9D4FE2D144B3C00F6284A /* Views */ = {
			isa = PBXGroup;
			children = (
				11A9D4FB2D144B3C00F6284A /* ReusableButton.swift */,
				11A9D4FC2D144B3C00F6284A /* ReusableLabel.swift */,
				11A9D4FD2D144B3C00F6284A /* ReusableTextField.swift */,
			);
			path = Views;
			sourceTree = "<group>";
		};
		11A9D4FF2D144B3C00F6284A /* ReusableViews */ = {
			isa = PBXGroup;
			children = (
				11A9D4FA2D144B3C00F6284A /* Cells */,
				11A9D4FE2D144B3C00F6284A /* Views */,
			);
			path = ReusableViews;
			sourceTree = "<group>";
		};
		11A9D5042D144B9000F6284A /* Auth */ = {
			isa = PBXGroup;
			children = (
				11609A832D22CF6F00365915 /* AuthNavigation.swift */,
				11609A842D22CF6F00365915 /* AuthCoordinator.swift */,
				11609A8E2D22D57A00365915 /* Launch */,
				11609A8C2D22D0C500365915 /* Login */,
				11609A8D2D22D0CB00365915 /* SignUp */,
				11ED735C2D26C7270039238A /* Models */,
			);
			path = Auth;
			sourceTree = "<group>";
		};
		11A9D5062D144BA300F6284A /* Home */ = {
			isa = PBXGroup;
			children = (
				113DDE242D18262800AB95E1 /* HomeNavigation.swift */,
				11CC75C92D15DD5B00903217 /* HomeCoordinator.swift */,
				11A9D5082D144BC600F6284A /* ViewModules */,
				11A9D5092D144BD100F6284A /* Views */,
				11A9D5072D144BC100F6284A /* Models */,
				113DDE542D184F7D00AB95E1 /* Sub-Pages */,
			);
			path = Home;
			sourceTree = "<group>";
		};
		11A9D5072D144BC100F6284A /* Models */ = {
			isa = PBXGroup;
			children = (
				11C07A242D1C362A00F0D90A /* TvShowModels */,
				11C07A232D1C360900F0D90A /* MovieModels */,
				11CC75F82D16C41800903217 /* TitleImageCellProtocol.swift */,
				111D3A7A2D2AEDCB00590CD7 /* DemoMovieTitleImageCell.swift */,
			);
			path = Models;
			sourceTree = "<group>";
		};
		11A9D5082D144BC600F6284A /* ViewModules */ = {
			isa = PBXGroup;
			children = (
				11A9D4DD2D143F1900F6284A /* HomeViewController.swift */,
				11A9D50A2D144BF200F6284A /* HomeViewModel.swift */,
			);
			path = ViewModules;
			sourceTree = "<group>";
		};
		11A9D5092D144BD100F6284A /* Views */ = {
			isa = PBXGroup;
			children = (
				1100C5132D1EC8A700EE373E /* Layouts */,
				11CC75D52D16039D00903217 /* Cells */,
				1100C5162D1ECCA600EE373E /* ListSectionHeader.swift */,
				11609A732D20341C00365915 /* TrendingSegmentHeader.swift */,
			);
			path = Views;
			sourceTree = "<group>";
		};
		11A9D5642D144C2F00F6284A /* Managers */ = {
			isa = PBXGroup;
			children = (
				11609A9B2D23FDBD00365915 /* FirebaseHelper.swift */,
				11A9D5652D144C3900F6284A /* UserDefaults */,
			);
			path = Managers;
			sourceTree = "<group>";
		};
		11A9D5652D144C3900F6284A /* UserDefaults */ = {
			isa = PBXGroup;
			children = (
				11A9D5662D144C4A00F6284A /* UserDefaultsHelper.swift */,
				11A9D5672D144C4A00F6284A /* UserDefaultsKey.swift */,
			);
			path = UserDefaults;
			sourceTree = "<group>";
		};
		11C07A1F2D1C34CF00F0D90A /* TvShowLists */ = {
			isa = PBXGroup;
			children = (
				11C07A1C2D1C34CF00F0D90A /* TvShowListsHelper.swift */,
				11C07A1D2D1C34CF00F0D90A /* TvShowListsUseCase.swift */,
				11C07A1E2D1C34CF00F0D90A /* TvShowListsAPIService.swift */,
			);
			path = TvShowLists;
			sourceTree = "<group>";
		};
		11C07A232D1C360900F0D90A /* MovieModels */ = {
			isa = PBXGroup;
			children = (
				11609A752D20386900365915 /* TrendingMovieDTO.swift */,
				113DDE522D184E9200AB95E1 /* MovieResultDTO.swift */,
				11CC75E12D16BB4E00903217 /* MovieListsDTO.swift */,
			);
			path = MovieModels;
			sourceTree = "<group>";
		};
		11C07A242D1C362A00F0D90A /* TvShowModels */ = {
			isa = PBXGroup;
			children = (
				11C07A2D2D1C371E00F0D90A /* TvShowResultDTO.swift */,
				11C07A252D1C363E00F0D90A /* TvShowListsDTO.swift */,
				11609A772D2084DD00365915 /* TrendingTvShowDTO.swift */,
			);
			path = TvShowModels;
			sourceTree = "<group>";
		};
		11CC75552D15C3DC00903217 /* Fonts */ = {
			isa = PBXGroup;
			children = (
				11CC75BE2D15D92E00903217 /* Nexa */,
			);
			path = Fonts;
			sourceTree = "<group>";
		};
		11CC75BE2D15D92E00903217 /* Nexa */ = {
			isa = PBXGroup;
			children = (
				11CC75BB2D15D92E00903217 /* Nexa-Bold.ttf */,
				11CC75BC2D15D92E00903217 /* Nexa-Light.ttf */,
				11CC75BD2D15D92E00903217 /* Nexa-Regular.ttf */,
			);
			path = Nexa;
			sourceTree = "<group>";
		};
		11CC75C42D15D9E100903217 /* HomeTabBar */ = {
			isa = PBXGroup;
			children = (
				11CC75C22D15D9CB00903217 /* HomeTabBarCoordinator.swift */,
				11CC75C52D15DA4500903217 /* TabBarController.swift */,
				11A9D5062D144BA300F6284A /* Home */,
				11CC75CB2D15E2F300903217 /* Favorite */,
				1190272B2D17280100B0B9DD /* Search */,
				1190272C2D17281300B0B9DD /* Profile */,
			);
			path = HomeTabBar;
			sourceTree = "<group>";
		};
		11CC75CB2D15E2F300903217 /* Favorite */ = {
			isa = PBXGroup;
			children = (
				11E460CE2D39781100D29DED /* FavoriteNavigation.swift */,
				11CC75CC2D15E31C00903217 /* FavoriteCoordinator.swift */,
				11CC75D02D15E34A00903217 /* ViewModules */,
				11CC75CE2D15E33F00903217 /* Views */,
				11CC75CF2D15E34500903217 /* Models */,
			);
			path = Favorite;
			sourceTree = "<group>";
		};
		11CC75CE2D15E33F00903217 /* Views */ = {
			isa = PBXGroup;
			children = (
				11E460CC2D3975AE00D29DED /* Cells */,
			);
			path = Views;
			sourceTree = "<group>";
		};
		11CC75CF2D15E34500903217 /* Models */ = {
			isa = PBXGroup;
			children = (
				11E460D02D3A774D00D29DED /* RatedTvShowsDTO.swift */,
				11E460D22D3A780400D29DED /* RatedMoviesDTO.swift */,
			);
			path = Models;
			sourceTree = "<group>";
		};
		11CC75D02D15E34A00903217 /* ViewModules */ = {
			isa = PBXGroup;
			children = (
				11CC75D12D15E35E00903217 /* FavoriteViewModel.swift */,
				11CC75D32D15E37400903217 /* FavoriteViewController.swift */,
			);
			path = ViewModules;
			sourceTree = "<group>";
		};
		11CC75D52D16039D00903217 /* Cells */ = {
			isa = PBXGroup;
			children = (
				11CC75D62D1603BA00903217 /* TitleImageCell.swift */,
				1100C5182D1ED2DD00EE373E /* TitlesSwitchSegmentCell.swift */,
				1100C57D2D1F45F500EE373E /* TrendingTitleCell.swift */,
			);
			path = Cells;
			sourceTree = "<group>";
		};
		11CC75D82D16B15100903217 /* MovieLists */ = {
			isa = PBXGroup;
			children = (
				11CC75D92D16B16E00903217 /* MovieListsHelper.swift */,
				11CC75DB2D16B19300903217 /* MovieListsUseCase.swift */,
				11CC75DD2D16B19E00903217 /* MovieListsAPIService.swift */,
			);
			path = MovieLists;
			sourceTree = "<group>";
		};
		11DB76A22D303FCF00326F31 /* Cells */ = {
			isa = PBXGroup;
			children = (
				11DB76A32D303FDF00326F31 /* ProfileInfoCollectionViewCell.swift */,
			);
			path = Cells;
			sourceTree = "<group>";
		};
		11E460CC2D3975AE00D29DED /* Cells */ = {
			isa = PBXGroup;
			children = (
				11E460CB2D3975AE00D29DED /* RatedCollectionViewCell.swift */,
			);
			path = Cells;
			sourceTree = "<group>";
		};
		11ED735C2D26C7270039238A /* Models */ = {
			isa = PBXGroup;
			children = (
				11ED735D2D26C74F0039238A /* UserDataModel.swift */,
				1156FD442D38031D00AC9A2F /* GuestSessionDTO.swift */,
				1156FD4D2D3806DE00AC9A2F /* GuestSessionProtocol.swift */,
				1156FD4F2D3934EC00AC9A2F /* POSTSuccessDTO.swift */,
				1156FD512D39351300AC9A2F /* POSTSuccessProtocol.swift */,
			);
			path = Models;
			sourceTree = "<group>";
		};
		11F68AC92D2F1059002A6B51 /* Cells */ = {
			isa = PBXGroup;
			children = (
				11F68ACA2D2F1072002A6B51 /* SearchCollectionViewCell.swift */,
			);
			path = Cells;
			sourceTree = "<group>";
		};
		11F68ACE2D2F12AB002A6B51 /* Cells */ = {
			isa = PBXGroup;
			children = (
				114D70602D1AEF15006C167B /* MovieDetailCollectionViewCell.swift */,
			);
			path = Cells;
			sourceTree = "<group>";
		};
/* End PBXGroup section */

/* Begin PBXNativeTarget section */
		11A9D4B22D143E4500F6284A /* MovieTrackingApp */ = {
			isa = PBXNativeTarget;
			buildConfigurationList = 11A9D4C62D143E4700F6284A /* Build configuration list for PBXNativeTarget "MovieTrackingApp" */;
			buildPhases = (
				11A9D4AF2D143E4500F6284A /* Sources */,
				11A9D4B02D143E4500F6284A /* Frameworks */,
				11A9D4B12D143E4500F6284A /* Resources */,
			);
			buildRules = (
			);
			dependencies = (
			);
			name = MovieTrackingApp;
			packageProductDependencies = (
				11CC75E82D16C07E00903217 /* SDWebImage */,
				11CC75EB2D16C0F200903217 /* SDWebImage */,
				11CC75EE2D16C21D00903217 /* SDWebImage */,
				11CC75F12D16C25200903217 /* SDWebImage */,
				11CC75F32D16C25200903217 /* SDWebImageMapKit */,
				11CC75F62D16C32500903217 /* SDWebImage */,
				1100C57B2D1F000800EE373E /* SDWebImage */,
				11609A7D2D21E28900365915 /* FirebaseCore */,
				11609A7F2D21E41500365915 /* FirebaseFirestore */,
				11609A812D21E42400365915 /* FirebaseAuth */,
				11C741DB2D313DB50021F832 /* GoogleSignIn */,
				11C741DD2D313DB50021F832 /* GoogleSignInSwift */,
			);
			productName = MovieTrackingApp;
			productReference = 11A9D4B32D143E4500F6284A /* MovieTrackingApp.app */;
			productType = "com.apple.product-type.application";
		};
/* End PBXNativeTarget section */

/* Begin PBXProject section */
		11A9D4AB2D143E4500F6284A /* Project object */ = {
			isa = PBXProject;
			attributes = {
				BuildIndependentTargetsInParallel = 1;
				LastSwiftUpdateCheck = 1620;
				LastUpgradeCheck = 1620;
				TargetAttributes = {
					11A9D4B22D143E4500F6284A = {
						CreatedOnToolsVersion = 16.2;
					};
				};
			};
			buildConfigurationList = 11A9D4AE2D143E4500F6284A /* Build configuration list for PBXProject "MovieTrackingApp" */;
			developmentRegion = en;
			hasScannedForEncodings = 0;
			knownRegions = (
				en,
				Base,
			);
			mainGroup = 11A9D4AA2D143E4500F6284A;
			minimizedProjectReferenceProxies = 1;
			packageReferences = (
				1100C57A2D1F000800EE373E /* XCRemoteSwiftPackageReference "SDWebImage" */,
				11609A7B2D21E23C00365915 /* XCRemoteSwiftPackageReference "firebase-ios-sdk" */,
				11C741DA2D313DB50021F832 /* XCRemoteSwiftPackageReference "GoogleSignIn-iOS" */,
			);
			preferredProjectObjectVersion = 77;
			productRefGroup = 11A9D4B42D143E4500F6284A /* Products */;
			projectDirPath = "";
			projectRoot = "";
			targets = (
				11A9D4B22D143E4500F6284A /* MovieTrackingApp */,
			);
		};
/* End PBXProject section */

/* Begin PBXResourcesBuildPhase section */
		11A9D4B12D143E4500F6284A /* Resources */ = {
			isa = PBXResourcesBuildPhase;
			buildActionMask = 2147483647;
			files = (
				11CC75BF2D15D92E00903217 /* Nexa-Regular.ttf in Resources */,
				11CC75C02D15D92E00903217 /* Nexa-Light.ttf in Resources */,
				11CC75C12D15D92E00903217 /* Nexa-Bold.ttf in Resources */,
				11C741E02D313DC40021F832 /* GoogleService-Info.plist in Resources */,
				11A9D4E42D143F1900F6284A /* Assets.xcassets in Resources */,
				11CC75572D15C52600903217 /* Colors.xcassets in Resources */,
			);
			runOnlyForDeploymentPostprocessing = 0;
		};
/* End PBXResourcesBuildPhase section */

/* Begin PBXSourcesBuildPhase section */
		11A9D4AF2D143E4500F6284A /* Sources */ = {
			isa = PBXSourcesBuildPhase;
			buildActionMask = 2147483647;
			files = (
				1100C57E2D1F45F500EE373E /* TrendingTitleCell.swift in Sources */,
				11C07A212D1C34CF00F0D90A /* TvShowListsUseCase.swift in Sources */,
				11ED735E2D26C74F0039238A /* UserDataModel.swift in Sources */,
				11CC75D42D15E37400903217 /* FavoriteViewController.swift in Sources */,
				114D70662D1AEFDE006C167B /* MovieDetailHelper.swift in Sources */,
				111D3A7B2D2AEDCB00590CD7 /* DemoMovieTitleImageCell.swift in Sources */,
				114D70672D1AEFDE006C167B /* MovieDetailUseCase.swift in Sources */,
				11DB76A62D3053A600326F31 /* ProfileNavigation.swift in Sources */,
				114D70682D1AEFDE006C167B /* MovieDetailAPIService.swift in Sources */,
				11C07A2E2D1C371E00F0D90A /* TvShowResultDTO.swift in Sources */,
				11CC75592D15D1B600903217 /* Coordinator.swift in Sources */,
				11609A882D22CF6F00365915 /* LoginViewController.swift in Sources */,
				11609A892D22CF6F00365915 /* AuthNavigation.swift in Sources */,
				11E460CF2D39781100D29DED /* FavoriteNavigation.swift in Sources */,
				11609A972D23076E00365915 /* SignupViewController.swift in Sources */,
				11609A982D23076E00365915 /* SignupViewModel.swift in Sources */,
				11609A8A2D22CF6F00365915 /* AuthCoordinator.swift in Sources */,
				11E460D12D3A774D00D29DED /* RatedTvShowsDTO.swift in Sources */,
				11DB76A42D303FDF00326F31 /* ProfileInfoCollectionViewCell.swift in Sources */,
				11609A8B2D22CF6F00365915 /* LoginViewModel.swift in Sources */,
				11A9D5682D144C4A00F6284A /* UserDefaultsKey.swift in Sources */,
				113DDE482D18279700AB95E1 /* SeeAllItemsViewModel.swift in Sources */,
				11B753842D36BB09006AFFC4 /* TitleVideoProtocol.swift in Sources */,
				113DDE4B2D18279700AB95E1 /* SeeAllItemsController.swift in Sources */,
				11C07A222D1C34CF00F0D90A /* TvShowListsAPIService.swift in Sources */,
				11F68AC82D2EF95E002A6B51 /* SearchNavigation.swift in Sources */,
				11609A762D20386900365915 /* TrendingMovieDTO.swift in Sources */,
				118CE4362D2D704600EF70EC /* TvShowDetailDTO.swift in Sources */,
				113DDE512D184B9B00AB95E1 /* ImageCollectionViewCell.swift in Sources */,
				11CC755B2D15D2AF00903217 /* AppCoordinator.swift in Sources */,
				1156FD4A2D38040900AC9A2F /* GuestSessionAPIService.swift in Sources */,
				1156FD4B2D38040900AC9A2F /* GuestSessionUseCase.swift in Sources */,
				1156FD4C2D38040900AC9A2F /* GuestSessionHelper.swift in Sources */,
				11A9D5692D144C4A00F6284A /* UserDefaultsHelper.swift in Sources */,
				11CC75DA2D16B16E00903217 /* MovieListsHelper.swift in Sources */,
				114D705F2D1AEA24006C167B /* MovieDetailDTO.swift in Sources */,
				11B753822D369EC8006AFFC4 /* TitleVideoDTO.swift in Sources */,
				11609A742D20341C00365915 /* TrendingSegmentHeader.swift in Sources */,
				119027312D17283F00B0B9DD /* SearchCoordinator.swift in Sources */,
				1156FD502D3934EC00AC9A2F /* POSTSuccessDTO.swift in Sources */,
				11609A922D22D58A00365915 /* LaunchViewController.swift in Sources */,
				11609A932D22D58A00365915 /* LaunchViewModel.swift in Sources */,
				119027322D17283F00B0B9DD /* SearchViewModel.swift in Sources */,
				119027332D17283F00B0B9DD /* SearchViewController.swift in Sources */,
				11A9D4E12D143F1900F6284A /* AppDelegate.swift in Sources */,
				11E460D32D3A780400D29DED /* RatedMoviesDTO.swift in Sources */,
				11A9D5002D144B3C00F6284A /* ReusableButton.swift in Sources */,
				11A9D5012D144B3C00F6284A /* BaseViewController.swift in Sources */,
				11A9D5022D144B3C00F6284A /* ReusableTextField.swift in Sources */,
				11CC75E22D16BB4E00903217 /* MovieListsDTO.swift in Sources */,
				11A9D5032D144B3C00F6284A /* ReusableLabel.swift in Sources */,
				113DDE252D18262800AB95E1 /* HomeNavigation.swift in Sources */,
				11CC75C32D15D9CB00903217 /* HomeTabBarCoordinator.swift in Sources */,
				11CC75F92D16C41800903217 /* TitleImageCellProtocol.swift in Sources */,
				11CC75D22D15E35E00903217 /* FavoriteViewModel.swift in Sources */,
				1100C5192D1ED2DD00EE373E /* TitlesSwitchSegmentCell.swift in Sources */,
				11CC75C62D15DA4500903217 /* TabBarController.swift in Sources */,
				113DDE532D184E9200AB95E1 /* MovieResultDTO.swift in Sources */,
				11C07A262D1C363E00F0D90A /* TvShowListsDTO.swift in Sources */,
				113DDE292D18269300AB95E1 /* MovieDetailViewController.swift in Sources */,
				118CE4402D2D9DEA00EF70EC /* TvShowDetailUseCase.swift in Sources */,
				113DDE2A2D18269300AB95E1 /* MovieDetailViewModel.swift in Sources */,
				11A9D4E22D143F1900F6284A /* HomeViewController.swift in Sources */,
				11E460CD2D3975AE00D29DED /* RatedCollectionViewCell.swift in Sources */,
				11A9D4EF2D144A9300F6284A /* Extension.swift in Sources */,
				11A9D4F02D144A9300F6284A /* LayoutExtensions.swift in Sources */,
				1190273C2D17295100B0B9DD /* ProfileCoordinator.swift in Sources */,
				11C07A202D1C34CF00F0D90A /* TvShowListsHelper.swift in Sources */,
				114D70612D1AEF15006C167B /* MovieDetailCollectionViewCell.swift in Sources */,
				1190273D2D17295100B0B9DD /* ProfileViewController.swift in Sources */,
				1190273E2D17295100B0B9DD /* ProfileViewModel.swift in Sources */,
				11CC75CD2D15E31C00903217 /* FavoriteCoordinator.swift in Sources */,
				11A9D50B2D144BF200F6284A /* HomeViewModel.swift in Sources */,
				11CC75DC2D16B19300903217 /* MovieListsUseCase.swift in Sources */,
				11CC75DE2D16B19E00903217 /* MovieListsAPIService.swift in Sources */,
				11A9D4E32D143F1900F6284A /* SceneDelegate.swift in Sources */,
				11A9D4F52D144AE900F6284A /* CoreAPIHelper.swift in Sources */,
				11CC75CA2D15DD5B00903217 /* HomeCoordinator.swift in Sources */,
				1156FD452D38031D00AC9A2F /* GuestSessionDTO.swift in Sources */,
				1100C5152D1EC8B900EE373E /* HomeCollectionLayout.swift in Sources */,
				11CC75D72D1603BA00903217 /* TitleImageCell.swift in Sources */,
				1100C5172D1ECCA600EE373E /* ListSectionHeader.swift in Sources */,
				11609A9C2D23FDBD00365915 /* FirebaseHelper.swift in Sources */,
				11A9D4F62D144AE900F6284A /* CoreAPIManager.swift in Sources */,
				11A9D4F72D144AE900F6284A /* CoreErrorModel.swift in Sources */,
				1156FD4E2D3806DE00AC9A2F /* GuestSessionProtocol.swift in Sources */,
				1156FD522D39351300AC9A2F /* POSTSuccessProtocol.swift in Sources */,
				11DA8AEB2D19DBDB009529D6 /* MovieDetailProtocol.swift in Sources */,
				118CE4412D2D9DEA00EF70EC /* TvShowDetailAPIService.swift in Sources */,
				11F68ACB2D2F1072002A6B51 /* SearchCollectionViewCell.swift in Sources */,
				118CE43A2D2D975C00EF70EC /* TvShowDetailProtocol.swift in Sources */,
				11609A782D2084DD00365915 /* TrendingTvShowDTO.swift in Sources */,
				118CE43F2D2D9DEA00EF70EC /* TvShowDetailHelper.swift in Sources */,
			);
			runOnlyForDeploymentPostprocessing = 0;
		};
/* End PBXSourcesBuildPhase section */

/* Begin XCBuildConfiguration section */
		11A9D4C72D143E4700F6284A /* Debug */ = {
			isa = XCBuildConfiguration;
			buildSettings = {
				ASSETCATALOG_COMPILER_APPICON_NAME = AppIcon;
				ASSETCATALOG_COMPILER_GLOBAL_ACCENT_COLOR_NAME = AccentColor;
				CODE_SIGN_STYLE = Automatic;
				CURRENT_PROJECT_VERSION = 1;
				DEVELOPMENT_TEAM = 5V565SJ9S9;
				GENERATE_INFOPLIST_FILE = YES;
				INFOPLIST_FILE = MovieTrackingApp/Info.plist;
				INFOPLIST_KEY_NSCameraUsageDescription = "MovieTrackingApp wants to use your Camera";
				INFOPLIST_KEY_UIApplicationSupportsIndirectInputEvents = YES;
				INFOPLIST_KEY_UILaunchStoryboardName = LaunchScreen;
				INFOPLIST_KEY_UISupportedInterfaceOrientations = UIInterfaceOrientationPortrait;
				INFOPLIST_KEY_UISupportedInterfaceOrientations_iPad = "UIInterfaceOrientationPortrait UIInterfaceOrientationPortraitUpsideDown";
				IPHONEOS_DEPLOYMENT_TARGET = 17.6;
				LD_RUNPATH_SEARCH_PATHS = (
					"$(inherited)",
					"@executable_path/Frameworks",
				);
				MARKETING_VERSION = 1.0;
				PRODUCT_BUNDLE_IDENTIFIER = com.atl.MovieTrackingApp;
				PRODUCT_NAME = "$(TARGET_NAME)";
				SUPPORTED_PLATFORMS = "iphoneos iphonesimulator";
				SUPPORTS_MACCATALYST = NO;
				SUPPORTS_MAC_DESIGNED_FOR_IPHONE_IPAD = NO;
				SUPPORTS_XR_DESIGNED_FOR_IPHONE_IPAD = NO;
				SWIFT_EMIT_LOC_STRINGS = YES;
				SWIFT_VERSION = 5.0;
				TARGETED_DEVICE_FAMILY = "1,2";
			};
			name = Debug;
		};
		11A9D4C82D143E4700F6284A /* Release */ = {
			isa = XCBuildConfiguration;
			buildSettings = {
				ASSETCATALOG_COMPILER_APPICON_NAME = AppIcon;
				ASSETCATALOG_COMPILER_GLOBAL_ACCENT_COLOR_NAME = AccentColor;
				CODE_SIGN_STYLE = Automatic;
				CURRENT_PROJECT_VERSION = 1;
				DEVELOPMENT_TEAM = 5V565SJ9S9;
				GENERATE_INFOPLIST_FILE = YES;
				INFOPLIST_FILE = MovieTrackingApp/Info.plist;
				INFOPLIST_KEY_NSCameraUsageDescription = "MovieTrackingApp wants to use your Camera";
				INFOPLIST_KEY_UIApplicationSupportsIndirectInputEvents = YES;
				INFOPLIST_KEY_UILaunchStoryboardName = LaunchScreen;
				INFOPLIST_KEY_UISupportedInterfaceOrientations = UIInterfaceOrientationPortrait;
				INFOPLIST_KEY_UISupportedInterfaceOrientations_iPad = "UIInterfaceOrientationPortrait UIInterfaceOrientationPortraitUpsideDown";
				IPHONEOS_DEPLOYMENT_TARGET = 17.6;
				LD_RUNPATH_SEARCH_PATHS = (
					"$(inherited)",
					"@executable_path/Frameworks",
				);
				MARKETING_VERSION = 1.0;
				PRODUCT_BUNDLE_IDENTIFIER = com.atl.MovieTrackingApp;
				PRODUCT_NAME = "$(TARGET_NAME)";
				SUPPORTED_PLATFORMS = "iphoneos iphonesimulator";
				SUPPORTS_MACCATALYST = NO;
				SUPPORTS_MAC_DESIGNED_FOR_IPHONE_IPAD = NO;
				SUPPORTS_XR_DESIGNED_FOR_IPHONE_IPAD = NO;
				SWIFT_EMIT_LOC_STRINGS = YES;
				SWIFT_VERSION = 5.0;
				TARGETED_DEVICE_FAMILY = "1,2";
			};
			name = Release;
		};
		11A9D4C92D143E4700F6284A /* Debug */ = {
			isa = XCBuildConfiguration;
			buildSettings = {
				ALWAYS_SEARCH_USER_PATHS = NO;
				ASSETCATALOG_COMPILER_GENERATE_SWIFT_ASSET_SYMBOL_EXTENSIONS = YES;
				CLANG_ANALYZER_NONNULL = YES;
				CLANG_ANALYZER_NUMBER_OBJECT_CONVERSION = YES_AGGRESSIVE;
				CLANG_CXX_LANGUAGE_STANDARD = "gnu++20";
				CLANG_ENABLE_MODULES = YES;
				CLANG_ENABLE_OBJC_ARC = YES;
				CLANG_ENABLE_OBJC_WEAK = YES;
				CLANG_WARN_BLOCK_CAPTURE_AUTORELEASING = YES;
				CLANG_WARN_BOOL_CONVERSION = YES;
				CLANG_WARN_COMMA = YES;
				CLANG_WARN_CONSTANT_CONVERSION = YES;
				CLANG_WARN_DEPRECATED_OBJC_IMPLEMENTATIONS = YES;
				CLANG_WARN_DIRECT_OBJC_ISA_USAGE = YES_ERROR;
				CLANG_WARN_DOCUMENTATION_COMMENTS = YES;
				CLANG_WARN_EMPTY_BODY = YES;
				CLANG_WARN_ENUM_CONVERSION = YES;
				CLANG_WARN_INFINITE_RECURSION = YES;
				CLANG_WARN_INT_CONVERSION = YES;
				CLANG_WARN_NON_LITERAL_NULL_CONVERSION = YES;
				CLANG_WARN_OBJC_IMPLICIT_RETAIN_SELF = YES;
				CLANG_WARN_OBJC_LITERAL_CONVERSION = YES;
				CLANG_WARN_OBJC_ROOT_CLASS = YES_ERROR;
				CLANG_WARN_QUOTED_INCLUDE_IN_FRAMEWORK_HEADER = YES;
				CLANG_WARN_RANGE_LOOP_ANALYSIS = YES;
				CLANG_WARN_STRICT_PROTOTYPES = YES;
				CLANG_WARN_SUSPICIOUS_MOVE = YES;
				CLANG_WARN_UNGUARDED_AVAILABILITY = YES_AGGRESSIVE;
				CLANG_WARN_UNREACHABLE_CODE = YES;
				CLANG_WARN__DUPLICATE_METHOD_MATCH = YES;
				COPY_PHASE_STRIP = NO;
				DEBUG_INFORMATION_FORMAT = dwarf;
				ENABLE_STRICT_OBJC_MSGSEND = YES;
				ENABLE_TESTABILITY = YES;
				ENABLE_USER_SCRIPT_SANDBOXING = YES;
				GCC_C_LANGUAGE_STANDARD = gnu17;
				GCC_DYNAMIC_NO_PIC = NO;
				GCC_NO_COMMON_BLOCKS = YES;
				GCC_OPTIMIZATION_LEVEL = 0;
				GCC_PREPROCESSOR_DEFINITIONS = (
					"DEBUG=1",
					"$(inherited)",
				);
				GCC_WARN_64_TO_32_BIT_CONVERSION = YES;
				GCC_WARN_ABOUT_RETURN_TYPE = YES_ERROR;
				GCC_WARN_UNDECLARED_SELECTOR = YES;
				GCC_WARN_UNINITIALIZED_AUTOS = YES_AGGRESSIVE;
				GCC_WARN_UNUSED_FUNCTION = YES;
				GCC_WARN_UNUSED_VARIABLE = YES;
				IPHONEOS_DEPLOYMENT_TARGET = 18.2;
				LOCALIZATION_PREFERS_STRING_CATALOGS = YES;
				MTL_ENABLE_DEBUG_INFO = INCLUDE_SOURCE;
				MTL_FAST_MATH = YES;
				ONLY_ACTIVE_ARCH = YES;
				SDKROOT = iphoneos;
				SWIFT_ACTIVE_COMPILATION_CONDITIONS = "DEBUG $(inherited)";
				SWIFT_OPTIMIZATION_LEVEL = "-Onone";
			};
			name = Debug;
		};
		11A9D4CA2D143E4700F6284A /* Release */ = {
			isa = XCBuildConfiguration;
			buildSettings = {
				ALWAYS_SEARCH_USER_PATHS = NO;
				ASSETCATALOG_COMPILER_GENERATE_SWIFT_ASSET_SYMBOL_EXTENSIONS = YES;
				CLANG_ANALYZER_NONNULL = YES;
				CLANG_ANALYZER_NUMBER_OBJECT_CONVERSION = YES_AGGRESSIVE;
				CLANG_CXX_LANGUAGE_STANDARD = "gnu++20";
				CLANG_ENABLE_MODULES = YES;
				CLANG_ENABLE_OBJC_ARC = YES;
				CLANG_ENABLE_OBJC_WEAK = YES;
				CLANG_WARN_BLOCK_CAPTURE_AUTORELEASING = YES;
				CLANG_WARN_BOOL_CONVERSION = YES;
				CLANG_WARN_COMMA = YES;
				CLANG_WARN_CONSTANT_CONVERSION = YES;
				CLANG_WARN_DEPRECATED_OBJC_IMPLEMENTATIONS = YES;
				CLANG_WARN_DIRECT_OBJC_ISA_USAGE = YES_ERROR;
				CLANG_WARN_DOCUMENTATION_COMMENTS = YES;
				CLANG_WARN_EMPTY_BODY = YES;
				CLANG_WARN_ENUM_CONVERSION = YES;
				CLANG_WARN_INFINITE_RECURSION = YES;
				CLANG_WARN_INT_CONVERSION = YES;
				CLANG_WARN_NON_LITERAL_NULL_CONVERSION = YES;
				CLANG_WARN_OBJC_IMPLICIT_RETAIN_SELF = YES;
				CLANG_WARN_OBJC_LITERAL_CONVERSION = YES;
				CLANG_WARN_OBJC_ROOT_CLASS = YES_ERROR;
				CLANG_WARN_QUOTED_INCLUDE_IN_FRAMEWORK_HEADER = YES;
				CLANG_WARN_RANGE_LOOP_ANALYSIS = YES;
				CLANG_WARN_STRICT_PROTOTYPES = YES;
				CLANG_WARN_SUSPICIOUS_MOVE = YES;
				CLANG_WARN_UNGUARDED_AVAILABILITY = YES_AGGRESSIVE;
				CLANG_WARN_UNREACHABLE_CODE = YES;
				CLANG_WARN__DUPLICATE_METHOD_MATCH = YES;
				COPY_PHASE_STRIP = NO;
				DEBUG_INFORMATION_FORMAT = "dwarf-with-dsym";
				ENABLE_NS_ASSERTIONS = NO;
				ENABLE_STRICT_OBJC_MSGSEND = YES;
				ENABLE_USER_SCRIPT_SANDBOXING = YES;
				GCC_C_LANGUAGE_STANDARD = gnu17;
				GCC_NO_COMMON_BLOCKS = YES;
				GCC_WARN_64_TO_32_BIT_CONVERSION = YES;
				GCC_WARN_ABOUT_RETURN_TYPE = YES_ERROR;
				GCC_WARN_UNDECLARED_SELECTOR = YES;
				GCC_WARN_UNINITIALIZED_AUTOS = YES_AGGRESSIVE;
				GCC_WARN_UNUSED_FUNCTION = YES;
				GCC_WARN_UNUSED_VARIABLE = YES;
				IPHONEOS_DEPLOYMENT_TARGET = 18.2;
				LOCALIZATION_PREFERS_STRING_CATALOGS = YES;
				MTL_ENABLE_DEBUG_INFO = NO;
				MTL_FAST_MATH = YES;
				SDKROOT = iphoneos;
				SWIFT_COMPILATION_MODE = wholemodule;
				VALIDATE_PRODUCT = YES;
			};
			name = Release;
		};
/* End XCBuildConfiguration section */

/* Begin XCConfigurationList section */
		11A9D4AE2D143E4500F6284A /* Build configuration list for PBXProject "MovieTrackingApp" */ = {
			isa = XCConfigurationList;
			buildConfigurations = (
				11A9D4C92D143E4700F6284A /* Debug */,
				11A9D4CA2D143E4700F6284A /* Release */,
			);
			defaultConfigurationIsVisible = 0;
			defaultConfigurationName = Release;
		};
		11A9D4C62D143E4700F6284A /* Build configuration list for PBXNativeTarget "MovieTrackingApp" */ = {
			isa = XCConfigurationList;
			buildConfigurations = (
				11A9D4C72D143E4700F6284A /* Debug */,
				11A9D4C82D143E4700F6284A /* Release */,
			);
			defaultConfigurationIsVisible = 0;
			defaultConfigurationName = Release;
		};
/* End XCConfigurationList section */

/* Begin XCRemoteSwiftPackageReference section */
		1100C57A2D1F000800EE373E /* XCRemoteSwiftPackageReference "SDWebImage" */ = {
			isa = XCRemoteSwiftPackageReference;
			repositoryURL = "https://github.com/SDWebImage/SDWebImage.git";
			requirement = {
				kind = upToNextMajorVersion;
				minimumVersion = 5.20.0;
			};
		};
		11609A7B2D21E23C00365915 /* XCRemoteSwiftPackageReference "firebase-ios-sdk" */ = {
			isa = XCRemoteSwiftPackageReference;
			repositoryURL = "https://github.com/firebase/firebase-ios-sdk";
			requirement = {
				kind = upToNextMajorVersion;
				minimumVersion = 11.6.0;
			};
		};
		11C741DA2D313DB50021F832 /* XCRemoteSwiftPackageReference "GoogleSignIn-iOS" */ = {
			isa = XCRemoteSwiftPackageReference;
			repositoryURL = "https://github.com/google/GoogleSignIn-iOS";
			requirement = {
				kind = upToNextMajorVersion;
				minimumVersion = 8.0.0;
			};
		};
/* End XCRemoteSwiftPackageReference section */

/* Begin XCSwiftPackageProductDependency section */
		1100C57B2D1F000800EE373E /* SDWebImage */ = {
			isa = XCSwiftPackageProductDependency;
			package = 1100C57A2D1F000800EE373E /* XCRemoteSwiftPackageReference "SDWebImage" */;
			productName = SDWebImage;
		};
		11609A7D2D21E28900365915 /* FirebaseCore */ = {
			isa = XCSwiftPackageProductDependency;
			package = 11609A7B2D21E23C00365915 /* XCRemoteSwiftPackageReference "firebase-ios-sdk" */;
			productName = FirebaseCore;
		};
		11609A7F2D21E41500365915 /* FirebaseFirestore */ = {
			isa = XCSwiftPackageProductDependency;
			package = 11609A7B2D21E23C00365915 /* XCRemoteSwiftPackageReference "firebase-ios-sdk" */;
			productName = FirebaseFirestore;
		};
		11609A812D21E42400365915 /* FirebaseAuth */ = {
			isa = XCSwiftPackageProductDependency;
			package = 11609A7B2D21E23C00365915 /* XCRemoteSwiftPackageReference "firebase-ios-sdk" */;
			productName = FirebaseAuth;
		};
		11C741DB2D313DB50021F832 /* GoogleSignIn */ = {
			isa = XCSwiftPackageProductDependency;
			package = 11C741DA2D313DB50021F832 /* XCRemoteSwiftPackageReference "GoogleSignIn-iOS" */;
			productName = GoogleSignIn;
		};
		11C741DD2D313DB50021F832 /* GoogleSignInSwift */ = {
			isa = XCSwiftPackageProductDependency;
			package = 11C741DA2D313DB50021F832 /* XCRemoteSwiftPackageReference "GoogleSignIn-iOS" */;
			productName = GoogleSignInSwift;
		};
		11CC75E82D16C07E00903217 /* SDWebImage */ = {
			isa = XCSwiftPackageProductDependency;
			productName = SDWebImage;
		};
		11CC75EB2D16C0F200903217 /* SDWebImage */ = {
			isa = XCSwiftPackageProductDependency;
			productName = SDWebImage;
		};
		11CC75EE2D16C21D00903217 /* SDWebImage */ = {
			isa = XCSwiftPackageProductDependency;
			productName = SDWebImage;
		};
		11CC75F12D16C25200903217 /* SDWebImage */ = {
			isa = XCSwiftPackageProductDependency;
			productName = SDWebImage;
		};
		11CC75F32D16C25200903217 /* SDWebImageMapKit */ = {
			isa = XCSwiftPackageProductDependency;
			productName = SDWebImageMapKit;
		};
		11CC75F62D16C32500903217 /* SDWebImage */ = {
			isa = XCSwiftPackageProductDependency;
			productName = SDWebImage;
		};
/* End XCSwiftPackageProductDependency section */
	};
	rootObject = 11A9D4AB2D143E4500F6284A /* Project object */;
}
